
Microsoft Visual Studio Solution File, Format Version 12.00
# Visual Studio 14
VisualStudioVersion = 14.0.25420.1
MinimumVisualStudioVersion = 10.0.40219.1
Project("{FAE04EC0-301F-11D3-BF4B-00C04F79EFBC}") = "CertificationExamRef70-483", "Certification\CertificationExamRef70-483.csproj", "{C8BBC160-D64E-4AD4-A4FD-8A3E3213FB7C}"
EndProject
Project("{FAE04EC0-301F-11D3-BF4B-00C04F79EFBC}") = "CertificationExamRef70-483Interface", "CertificationInterface\CertificationExamRef70-483Interface.csproj", "{B9141111-E41C-47A8-A0BA-874C040B2F82}"
EndProject
Global
	GlobalSection(SolutionConfigurationPlatforms) = preSolution
		Debug|Any CPU = Debug|Any CPU
		Release|Any CPU = Release|Any CPU
	EndGlobalSection
	GlobalSection(ProjectConfigurationPlatforms) = postSolution
		{C8BBC160-D64E-4AD4-A4FD-8A3E3213FB7C}.Debug|Any CPU.ActiveCfg = Debug|Any CPU
		{C8BBC160-D64E-4AD4-A4FD-8A3E3213FB7C}.Debug|Any CPU.Build.0 = Debug|Any CPU
		{C8BBC160-D64E-4AD4-A4FD-8A3E3213FB7C}.Release|Any CPU.ActiveCfg = Release|Any CPU
		{C8BBC160-D64E-4AD4-A4FD-8A3E3213FB7C}.Release|Any CPU.Build.0 = Release|Any CPU
		{B9141111-E41C-47A8-A0BA-874C040B2F82}.Debug|Any CPU.ActiveCfg = Debug|Any CPU
		{B9141111-E41C-47A8-A0BA-874C040B2F82}.Debug|Any CPU.Build.0 = Debug|Any CPU
		{B9141111-E41C-47A8-A0BA-874C040B2F82}.Release|Any CPU.ActiveCfg = Release|Any CPU
		{B9141111-E41C-47A8-A0BA-874C040B2F82}.Release|Any CPU.Build.0 = Release|Any CPU
	EndGlobalSection
	GlobalSection(SolutionProperties) = preSolution
		HideSolutionNode = FALSE
	EndGlobalSection
EndGlobal
